
Microsoft Visual Studio Solution File, Format Version 12.00
# Visual Studio 15
VisualStudioVersion = 15.0.28307.1259
MinimumVisualStudioVersion = 10.0.40219.1
Project("{FAE04EC0-301F-11D3-BF4B-00C04F79EFBC}") = "Практическая 3", "Практическая 3\Практическая 3.csproj", "{6FF55D8C-C50F-4424-AADE-D2028A265726}"
EndProject
Project("{FAE04EC0-301F-11D3-BF4B-00C04F79EFBC}") = "Lib_4", "Lib_4\Lib_4.csproj", "{B89B5D69-908A-4809-A63D-22B13CBD451D}"
EndProject
Project("{FAE04EC0-301F-11D3-BF4B-00C04F79EFBC}") = "LibMas", "LibMas\LibMas.csproj", "{68A664B7-74BF-450D-880E-4E17EDBB8940}"
EndProject
Global
	GlobalSection(SolutionConfigurationPlatforms) = preSolution
		Debug|Any CPU = Debug|Any CPU
		Release|Any CPU = Release|Any CPU
	EndGlobalSection
	GlobalSection(ProjectConfigurationPlatforms) = postSolution
		{6FF55D8C-C50F-4424-AADE-D2028A265726}.Debug|Any CPU.ActiveCfg = Debug|Any CPU
		{6FF55D8C-C50F-4424-AADE-D2028A265726}.Debug|Any CPU.Build.0 = Debug|Any CPU
		{6FF55D8C-C50F-4424-AADE-D2028A265726}.Release|Any CPU.ActiveCfg = Release|Any CPU
		{6FF55D8C-C50F-4424-AADE-D2028A265726}.Release|Any CPU.Build.0 = Release|Any CPU
		{B89B5D69-908A-4809-A63D-22B13CBD451D}.Debug|Any CPU.ActiveCfg = Debug|Any CPU
		{B89B5D69-908A-4809-A63D-22B13CBD451D}.Debug|Any CPU.Build.0 = Debug|Any CPU
		{B89B5D69-908A-4809-A63D-22B13CBD451D}.Release|Any CPU.ActiveCfg = Release|Any CPU
		{B89B5D69-908A-4809-A63D-22B13CBD451D}.Release|Any CPU.Build.0 = Release|Any CPU
		{68A664B7-74BF-450D-880E-4E17EDBB8940}.Debug|Any CPU.ActiveCfg = Debug|Any CPU
		{68A664B7-74BF-450D-880E-4E17EDBB8940}.Debug|Any CPU.Build.0 = Debug|Any CPU
		{68A664B7-74BF-450D-880E-4E17EDBB8940}.Release|Any CPU.ActiveCfg = Release|Any CPU
		{68A664B7-74BF-450D-880E-4E17EDBB8940}.Release|Any CPU.Build.0 = Release|Any CPU
	EndGlobalSection
	GlobalSection(SolutionProperties) = preSolution
		HideSolutionNode = FALSE
	EndGlobalSection
	GlobalSection(ExtensibilityGlobals) = postSolution
		SolutionGuid = {2D3A2D30-EF20-46E5-864F-D84976D0F855}
	EndGlobalSection
EndGlobal
